
Microsoft Visual Studio Solution File, Format Version 12.00
# Visual Studio Version 17
VisualStudioVersion = 17.3.32929.385
MinimumVisualStudioVersion = 10.0.40219.1
Project("{9A19103F-16F7-4668-BE54-9A1E7A4F7556}") = "Languagy_project", "SadokaProject\Languagy_project.csproj", "{CBCFB001-4739-4BD9-BDD0-45DAE7D5D7B5}"
EndProject
Project("{9A19103F-16F7-4668-BE54-9A1E7A4F7556}") = "EmailServices", "EmailServices\EmailServices.csproj", "{91F32017-CD3D-4451-A627-A4F6F8B722F6}"
EndProject
Global
	GlobalSection(SolutionConfigurationPlatforms) = preSolution
		Debug|Any CPU = Debug|Any CPU
		Release|Any CPU = Release|Any CPU
	EndGlobalSection
	GlobalSection(ProjectConfigurationPlatforms) = postSolution
		{CBCFB001-4739-4BD9-BDD0-45DAE7D5D7B5}.Debug|Any CPU.ActiveCfg = Debug|Any CPU
		{CBCFB001-4739-4BD9-BDD0-45DAE7D5D7B5}.Debug|Any CPU.Build.0 = Debug|Any CPU
		{CBCFB001-4739-4BD9-BDD0-45DAE7D5D7B5}.Release|Any CPU.ActiveCfg = Release|Any CPU
		{CBCFB001-4739-4BD9-BDD0-45DAE7D5D7B5}.Release|Any CPU.Build.0 = Release|Any CPU
		{91F32017-CD3D-4451-A627-A4F6F8B722F6}.Debug|Any CPU.ActiveCfg = Debug|Any CPU
		{91F32017-CD3D-4451-A627-A4F6F8B722F6}.Debug|Any CPU.Build.0 = Debug|Any CPU
		{91F32017-CD3D-4451-A627-A4F6F8B722F6}.Release|Any CPU.ActiveCfg = Release|Any CPU
		{91F32017-CD3D-4451-A627-A4F6F8B722F6}.Release|Any CPU.Build.0 = Release|Any CPU
	EndGlobalSection
	GlobalSection(SolutionProperties) = preSolution
		HideSolutionNode = FALSE
	EndGlobalSection
	GlobalSection(ExtensibilityGlobals) = postSolution
		SolutionGuid = {DBE0820D-6BF6-4C17-9CDF-62AC829F2865}
	EndGlobalSection
EndGlobal
